<?xml version="1.0" encoding="utf-8"?>
<Project ToolsVersion="4.0" xmlns="http://schemas.microsoft.com/developer/msbuild/2003">
  <ItemGroup>
    <Filter Include="Environment">
      <UniqueIdentifier>{1A1AAD84-86CF-257A-0FC4-1F517B781C7E}</UniqueIdentifier>
    </Filter>
  </ItemGroup>
  <ItemGroup>
    <ClInclude Include="src\GameLayer.h" />
    <ClInclude Include="src\Player.h" />
  </ItemGroup>
  <ItemGroup>
    <ClCompile Include="src\SandboxApp.cpp" />
    <ClCompile Include="src\GameLayer.cpp" />
    <ClCompile Include="src\Player.cpp" />
  </ItemGroup>
  <ItemGroup>
    <None Include="res\shaders\Dot\GrassShader.glsl" />
  </ItemGroup>
</Project>