
Microsoft Visual Studio Solution File, Format Version 12.00
# Visual Studio 15
Project("{8BC9CEB8-8B4A-11D0-8D11-00A0C91BC942}") = "SandBox", "SandBox\SandBox.vcxproj", "{D43924E3-4019-A37E-4931-2E55B58F09E0}"
EndProject
Project("{8BC9CEB8-8B4A-11D0-8D11-00A0C91BC942}") = "Dot_Engine", "Dot_Engine\Dot_Engine.vcxproj", "{21301712-0DE8-585F-76EF-31BB62C6F34F}"
EndProject
Project("{8BC9CEB8-8B4A-11D0-8D11-00A0C91BC942}") = "Dot_GUI", "Dot_Engine\vendor\Dot_GUI\Dot_GUI.vcxproj", "{30CA8C81-9CA9-0B1D-A5C1-96F31120727E}"
EndProject
Project("{8BC9CEB8-8B4A-11D0-8D11-00A0C91BC942}") = "GLEW", "Dot_Engine\vendor\GLEW\GLEW.vcxproj", "{F44A857C-E081-860D-896E-6C107584020F}"
EndProject
Project("{8BC9CEB8-8B4A-11D0-8D11-00A0C91BC942}") = "GLFW", "Dot_Engine\vendor\GLFW\GLFW.vcxproj", "{154B857C-0182-860D-AA6E-6C109684020F}"
EndProject
Global
	GlobalSection(SolutionConfigurationPlatforms) = preSolution
		Debug|x64 = Debug|x64
		Release|x64 = Release|x64
	EndGlobalSection
	GlobalSection(ProjectConfigurationPlatforms) = postSolution
		{D43924E3-4019-A37E-4931-2E55B58F09E0}.Debug|x64.ActiveCfg = Debug|x64
		{D43924E3-4019-A37E-4931-2E55B58F09E0}.Debug|x64.Build.0 = Debug|x64
		{D43924E3-4019-A37E-4931-2E55B58F09E0}.Release|x64.ActiveCfg = Release|x64
		{D43924E3-4019-A37E-4931-2E55B58F09E0}.Release|x64.Build.0 = Release|x64
		{21301712-0DE8-585F-76EF-31BB62C6F34F}.Debug|x64.ActiveCfg = Debug|x64
		{21301712-0DE8-585F-76EF-31BB62C6F34F}.Debug|x64.Build.0 = Debug|x64
		{21301712-0DE8-585F-76EF-31BB62C6F34F}.Release|x64.ActiveCfg = Release|x64
		{21301712-0DE8-585F-76EF-31BB62C6F34F}.Release|x64.Build.0 = Release|x64
		{30CA8C81-9CA9-0B1D-A5C1-96F31120727E}.Debug|x64.ActiveCfg = Debug|x64
		{30CA8C81-9CA9-0B1D-A5C1-96F31120727E}.Debug|x64.Build.0 = Debug|x64
		{30CA8C81-9CA9-0B1D-A5C1-96F31120727E}.Release|x64.ActiveCfg = Release|x64
		{30CA8C81-9CA9-0B1D-A5C1-96F31120727E}.Release|x64.Build.0 = Release|x64
		{F44A857C-E081-860D-896E-6C107584020F}.Debug|x64.ActiveCfg = Debug|x64
		{F44A857C-E081-860D-896E-6C107584020F}.Debug|x64.Build.0 = Debug|x64
		{F44A857C-E081-860D-896E-6C107584020F}.Release|x64.ActiveCfg = Release|x64
		{F44A857C-E081-860D-896E-6C107584020F}.Release|x64.Build.0 = Release|x64
		{154B857C-0182-860D-AA6E-6C109684020F}.Debug|x64.ActiveCfg = Debug|x64
		{154B857C-0182-860D-AA6E-6C109684020F}.Debug|x64.Build.0 = Debug|x64
		{154B857C-0182-860D-AA6E-6C109684020F}.Release|x64.ActiveCfg = Release|x64
		{154B857C-0182-860D-AA6E-6C109684020F}.Release|x64.Build.0 = Release|x64
	EndGlobalSection
	GlobalSection(SolutionProperties) = preSolution
		HideSolutionNode = FALSE
	EndGlobalSection
EndGlobal
